
Microsoft Visual Studio Solution File, Format Version 12.00
# Visual Studio Version 17
VisualStudioVersion = 17.2.32519.379
MinimumVisualStudioVersion = 10.0.40219.1
Project("{FAE04EC0-301F-11D3-BF4B-00C04F79EFBC}") = "pryTP1BordigaGabriel", "pryTP1BordigaGabriel\pryTP1BordigaGabriel.csproj", "{A28AA292-D1C7-49F7-9D02-05D7D1D5414B}"
EndProject
Global
	GlobalSection(SolutionConfigurationPlatforms) = preSolution
		Debug|Any CPU = Debug|Any CPU
		Release|Any CPU = Release|Any CPU
	EndGlobalSection
	GlobalSection(ProjectConfigurationPlatforms) = postSolution
		{A28AA292-D1C7-49F7-9D02-05D7D1D5414B}.Debug|Any CPU.ActiveCfg = Debug|Any CPU
		{A28AA292-D1C7-49F7-9D02-05D7D1D5414B}.Debug|Any CPU.Build.0 = Debug|Any CPU
		{A28AA292-D1C7-49F7-9D02-05D7D1D5414B}.Release|Any CPU.ActiveCfg = Release|Any CPU
		{A28AA292-D1C7-49F7-9D02-05D7D1D5414B}.Release|Any CPU.Build.0 = Release|Any CPU
	EndGlobalSection
	GlobalSection(SolutionProperties) = preSolution
		HideSolutionNode = FALSE
	EndGlobalSection
	GlobalSection(ExtensibilityGlobals) = postSolution
		SolutionGuid = {2E59D3E9-949A-416A-9AE5-72D389F08A4D}
	EndGlobalSection
EndGlobal
